schema: '2.0'
stages:
  data_ingestion:
    cmd: python src/BoxOfficePrediction/pipeline/stage01_data_ingestion.py
    deps:
    - path: src/BoxOfficePrediction/components/data_ingestion.py
      hash: md5
      md5: a05c7670bb2380040deeb66f19a4fba8
      size: 2388
    outs:
    - path: artifacts/data_ingestion/ticket_prices.csv
      hash: md5
      md5: 93c8c9dccd481bad05bae94f21c04784
      size: 1257
      isexec: true
    - path: artifacts/data_ingestion/tmdb_5000_credits.csv
      hash: md5
      md5: 6c5e0e12bfbc527697d7977d86b97ed4
      size: 40044293
      isexec: true
    - path: artifacts/data_ingestion/tmdb_5000_movies.csv
      hash: md5
      md5: 64346a71897b5741d553d34b86088603
      size: 5698602
      isexec: true
  data_organize:
    cmd: python src/BoxOfficePrediction/pipeline/stage02_data_organize.py
    deps:
    - path: artifacts/data_ingestion/ticket_prices.csv
      hash: md5
      md5: 93c8c9dccd481bad05bae94f21c04784
      size: 1257
    - path: artifacts/data_ingestion/tmdb_5000_credits.csv
      hash: md5
      md5: 6c5e0e12bfbc527697d7977d86b97ed4
      size: 40044293
    - path: artifacts/data_ingestion/tmdb_5000_movies.csv
      hash: md5
      md5: 64346a71897b5741d553d34b86088603
      size: 5698602
    - path: src/BoxOfficePrediction/components/data_organize.py
      hash: md5
      md5: 971996b098344f8dd09f1fd5251cf591
      size: 4798
    outs:
    - path: artifacts/data_transform/organized_cinema.csv
      hash: md5
      md5: 1b4851160c8d2a4cf6b467d684c3fd3c
      size: 1191727
      isexec: true
  data_validation:
    cmd: python src/BoxOfficePrediction/pipeline/stage_data_validatioin.py
    deps:
    - path: schema.yaml
      hash: md5
      md5: 006ac47a5c1cb98a2eba81eb6ed7f401
      size: 604
    - path: src/BoxOfficePrediction/components/data_validation.py
      hash: md5
      md5: 49f43b9fafbbd66c8a4c2085560a0d16
      size: 1639
    outs:
    - path: artifacts/data_validation/status.txt
      hash: md5
      md5: ac3566ff88d9e9c9aa31c072ddb50d67
      size: 70
      isexec: true
  feature_engineering:
    cmd: python src/BoxOfficePrediction/pipeline/stage03_feature_engineering.py
    deps:
    - path: artifacts/data_transform/organized_cinema.csv
      hash: md5
      md5: 1b4851160c8d2a4cf6b467d684c3fd3c
      size: 1191727
    - path: config/config.yaml
      hash: md5
      md5: 5173c0acd214989480d030dcf31f18e6
      size: 1244
    - path: src/BoxOfficePrediction/components/feature_engineering.py
      hash: md5
      md5: 88feec324919e309e8fc4522d365b5e3
      size: 6755
    - path: src/BoxOfficePrediction/pipeline/stage03_feature_engineering.py
      hash: md5
      md5: 32bf9c053d732fde1932a31d6b552b76
      size: 1222
    outs:
    - path: artifacts/data_scores/director_score.csv
      hash: md5
      md5: 1299a2ff6d7c6e07640013a632b86e32
      size: 47056
      isexec: true
    - path: artifacts/data_scores/hero_score.csv
      hash: md5
      md5: e12a64ce3e46c8dd5608d5e706204be1
      size: 42208
      isexec: true
    - path: artifacts/data_scores/heroine_score.csv
      hash: md5
      md5: de6d107615920490e20108c68293c6ab
      size: 58911
      isexec: true
    - path: artifacts/data_transform/test.csv
      hash: md5
      md5: 7bc2dfe5d8417304920755ce671ce873
      size: 70307
      isexec: true
    - path: artifacts/data_transform/train.csv
      hash: md5
      md5: d992e1b7930b109fb8481ff0698d3c81
      size: 280715
      isexec: true
  data_preprocessing:
    cmd: python src/BoxOfficePrediction/pipeline/stage04_data_preprocessing.py
    deps:
    - path: config/config.yaml
      hash: md5
      md5: 7e30da5c735c1a47ade3f9d5609f3882
      size: 1108
    outs:
    - path: models/preprocessor.pkl
      hash: md5
      md5: 7356370f1199d3a5c8469130a0712bdf
      size: 2789
      isexec: true
  model_training:
    cmd: python src/BoxOfficePrediction/pipeline/stage05_model_training.py
    deps:
    - path: params.yaml
      hash: md5
      md5: 211d8928a3c054c8354b056d7765a63a
      size: 74
      isexec: true
    - path: src/BoxOfficePrediction/components/model_training.py
      hash: md5
      md5: 773dd677762852c7381a3a61ede7103a
      size: 7343
    - path: src/BoxOfficePrediction/pipeline/stage04_data_preprocessing.py
      hash: md5
      md5: 36c8b83604f7f075b55e2e483558577c
      size: 886
    outs:
    - path: models/AdaBoost_model.pkl
      hash: md5
      md5: 2b24db66ddfd335a46007d46918aa4aa
      size: 183935
      isexec: true
    - path: models/CatBoost_model.pkl
      hash: md5
      md5: 642c392673eda7057394155d0945718a
      size: 488563
      isexec: true
    - path: models/DecisionTree_model.pkl
      hash: md5
      md5: 7c233af252a01ded0e28b00dd1574fed
      size: 7171
      isexec: true
    - path: models/GradientBoosting_model.pkl
      hash: md5
      md5: 83f452fb0ea788052442225002171e3d
      size: 5265502
      isexec: true
    - path: models/LinearRegression_model.pkl
      hash: md5
      md5: be0feb31b667faaadcc28f67df3e444e
      size: 867
      isexec: true
    - path: models/RandomForest_model.pkl
      hash: md5
      md5: e1c399716f9ec15a65366e10082a9ae3
      size: 16172703
      isexec: true
    - path: models/XGBoost_model.pkl
      hash: md5
      md5: b6e7df4a82494f9c0a2a1130f5d8732c
      size: 2186208
      isexec: true
    - path: models/preprocessor.pkl
      hash: md5
      md5: b57fb37acf0314b97a656b830f0a660e
      size: 14880
      isexec: true
  model_evaluation:
    cmd: python src/BoxOfficePrediction/pipeline/stage06_model_evaluation.py
    deps:
    - path: models/best_params.yaml
      hash: md5
      md5: 30a1c74915c342f883b30d4eef7a8611
      size: 488
    - path: src/BoxOfficePrediction/components/model_evaluation.py
      hash: md5
      md5: 1fc15f04a71e2a8b552a2607837c5848
      size: 3601
